
Microsoft Visual Studio Solution File, Format Version 12.00
# Visual Studio Version 17
VisualStudioVersion = 17.6.33712.159
MinimumVisualStudioVersion = 10.0.40219.1
Project("{FAE04EC0-301F-11D3-BF4B-00C04F79EFBC}") = "ExeEduLipeIII", "ExeEduLipeIII\ExeEduLipeIII.csproj", "{7A9CDA70-B2BA-40E9-8BC9-0451C4B3A30F}"
EndProject
Global
	GlobalSection(SolutionConfigurationPlatforms) = preSolution
		Debug|Any CPU = Debug|Any CPU
		Release|Any CPU = Release|Any CPU
	EndGlobalSection
	GlobalSection(ProjectConfigurationPlatforms) = postSolution
		{7A9CDA70-B2BA-40E9-8BC9-0451C4B3A30F}.Debug|Any CPU.ActiveCfg = Debug|Any CPU
		{7A9CDA70-B2BA-40E9-8BC9-0451C4B3A30F}.Debug|Any CPU.Build.0 = Debug|Any CPU
		{7A9CDA70-B2BA-40E9-8BC9-0451C4B3A30F}.Release|Any CPU.ActiveCfg = Release|Any CPU
		{7A9CDA70-B2BA-40E9-8BC9-0451C4B3A30F}.Release|Any CPU.Build.0 = Release|Any CPU
	EndGlobalSection
	GlobalSection(SolutionProperties) = preSolution
		HideSolutionNode = FALSE
	EndGlobalSection
	GlobalSection(ExtensibilityGlobals) = postSolution
		SolutionGuid = {EA1FC361-7559-4113-93AB-BAE45318BA06}
	EndGlobalSection
EndGlobal
